// !$*UTF8*$!
{
	archiveVersion = 1;
	classes = {
	};
	objectVersion = 46;
	objects = {

/* Begin PBXBuildFile section */
		E963BC441C0E52120095CCFC /* MarkerNode.m in Sources */ = {isa = PBXBuildFile; fileRef = E963BC431C0E52120095CCFC /* MarkerNode.m */; };
		E963BC471C0F5A3D0095CCFC /* SkyBox.mm in Sources */ = {isa = PBXBuildFile; fileRef = E963BC461C0F5A3D0095CCFC /* SkyBox.mm */; };
		E981E00E1C0C02B4009549F0 /* testCollision.mm in Sources */ = {isa = PBXBuildFile; fileRef = E981E00D1C0C02B4009549F0 /* testCollision.mm */; };
		E9A9EECC1C0B63A600059AAA /* game code.cpp in Sources */ = {isa = PBXBuildFile; fileRef = E9A9EEC91C0B63A600059AAA /* game code.cpp */; };
		E9A9EECD1C0B63A600059AAA /* game main.cpp in Sources */ = {isa = PBXBuildFile; fileRef = E9A9EECB1C0B63A600059AAA /* game main.cpp */; };
		E9C1BA5F1C0A4AD5007E3B7A /* Trap.mm in Sources */ = {isa = PBXBuildFile; fileRef = E9C1BA5E1C0A4AD5007E3B7A /* Trap.mm */; };
		E9C1BA621C0A4E47007E3B7A /* Missile.mm in Sources */ = {isa = PBXBuildFile; fileRef = E9C1BA611C0A4E47007E3B7A /* Missile.mm */; };
		E9FCCB161C08E204003ED405 /* main.mm in Sources */ = {isa = PBXBuildFile; fileRef = E9FCCB151C08E204003ED405 /* main.mm */; };
		E9FCCB231C08E249003ED405 /* glm.cpp in Sources */ = {isa = PBXBuildFile; fileRef = E9FCCB1D1C08E249003ED405 /* glm.cpp */; };
		E9FCCB241C08E249003ED405 /* glmimg.cpp in Sources */ = {isa = PBXBuildFile; fileRef = E9FCCB1F1C08E249003ED405 /* glmimg.cpp */; };
		E9FCCB251C08E249003ED405 /* Texture.cpp in Sources */ = {isa = PBXBuildFile; fileRef = E9FCCB201C08E249003ED405 /* Texture.cpp */; };
		E9FCCB271C08E2CB003ED405 /* OpenGL.framework in Frameworks */ = {isa = PBXBuildFile; fileRef = E9FCCB261C08E2CB003ED405 /* OpenGL.framework */; };
		E9FCCB291C08E2D6003ED405 /* GLUT.framework in Frameworks */ = {isa = PBXBuildFile; fileRef = E9FCCB281C08E2D6003ED405 /* GLUT.framework */; };
		E9FCCB611C08E720003ED405 /* TWGLNode.mm in Sources */ = {isa = PBXBuildFile; fileRef = E9FCCB601C08E720003ED405 /* TWGLNode.mm */; };
		E9FCCB691C090980003ED405 /* TWGLCamera.mm in Sources */ = {isa = PBXBuildFile; fileRef = E9FCCB661C090980003ED405 /* TWGLCamera.mm */; };
		E9FCCB6A1C090980003ED405 /* TWGLScene.mm in Sources */ = {isa = PBXBuildFile; fileRef = E9FCCB681C090980003ED405 /* TWGLScene.mm */; };
		E9FCCB6E1C090B0A003ED405 /* GameScene.mm in Sources */ = {isa = PBXBuildFile; fileRef = E9FCCB6D1C090B0A003ED405 /* GameScene.mm */; };
		E9FCCB711C090B67003ED405 /* QmarkBox.mm in Sources */ = {isa = PBXBuildFile; fileRef = E9FCCB701C090B67003ED405 /* QmarkBox.mm */; };
		E9FCCB741C092D73003ED405 /* CarNode.mm in Sources */ = {isa = PBXBuildFile; fileRef = E9FCCB731C092D73003ED405 /* CarNode.mm */; };
		E9FCCB771C092D9E003ED405 /* Pista.mm in Sources */ = {isa = PBXBuildFile; fileRef = E9FCCB761C092D9E003ED405 /* Pista.mm */; };
/* End PBXBuildFile section */

/* Begin PBXCopyFilesBuildPhase section */
		E9FCCB101C08E204003ED405 /* CopyFiles */ = {
			isa = PBXCopyFilesBuildPhase;
			buildActionMask = 2147483647;
			dstPath = /usr/share/man/man1/;
			dstSubfolderSpec = 0;
			files = (
			);
			runOnlyForDeploymentPostprocessing = 1;
		};
/* End PBXCopyFilesBuildPhase section */

/* Begin PBXFileReference section */
		E9071C3C1C0B8A14009B0A93 /* floor.tga */ = {isa = PBXFileReference; lastKnownFileType = file; path = floor.tga; sourceTree = "<group>"; };
		E9071C3D1C0B8A14009B0A93 /* top.tga */ = {isa = PBXFileReference; lastKnownFileType = file; path = top.tga; sourceTree = "<group>"; };
		E9071C3E1C0B8A14009B0A93 /* wall.tga */ = {isa = PBXFileReference; lastKnownFileType = file; path = wall.tga; sourceTree = "<group>"; };
		E963BC401C0E51D20095CCFC /* MarkerNode.h */ = {isa = PBXFileReference; fileEncoding = 4; lastKnownFileType = sourcecode.c.h; path = MarkerNode.h; sourceTree = "<group>"; };
		E963BC431C0E52120095CCFC /* MarkerNode.m */ = {isa = PBXFileReference; fileEncoding = 4; lastKnownFileType = sourcecode.c.objc; path = MarkerNode.m; sourceTree = "<group>"; };
		E963BC451C0F5A3D0095CCFC /* SkyBox.h */ = {isa = PBXFileReference; fileEncoding = 4; lastKnownFileType = sourcecode.c.h; path = SkyBox.h; sourceTree = "<group>"; };
		E963BC461C0F5A3D0095CCFC /* SkyBox.mm */ = {isa = PBXFileReference; fileEncoding = 4; lastKnownFileType = sourcecode.cpp.objcpp; path = SkyBox.mm; sourceTree = "<group>"; };
		E981E00D1C0C02B4009549F0 /* testCollision.mm */ = {isa = PBXFileReference; fileEncoding = 4; lastKnownFileType = sourcecode.cpp.objcpp; path = testCollision.mm; sourceTree = "<group>"; };
		E9A9EEC91C0B63A600059AAA /* game code.cpp */ = {isa = PBXFileReference; fileEncoding = 4; lastKnownFileType = sourcecode.cpp.cpp; path = "game code.cpp"; sourceTree = "<group>"; };
		E9A9EECA1C0B63A600059AAA /* game code.h */ = {isa = PBXFileReference; fileEncoding = 4; lastKnownFileType = sourcecode.c.h; path = "game code.h"; sourceTree = "<group>"; };
		E9A9EECB1C0B63A600059AAA /* game main.cpp */ = {isa = PBXFileReference; fileEncoding = 4; lastKnownFileType = sourcecode.cpp.cpp; path = "game main.cpp"; sourceTree = "<group>"; };
		E9A9EECF1C0B7A3300059AAA /* game main.h */ = {isa = PBXFileReference; fileEncoding = 4; lastKnownFileType = sourcecode.c.h; path = "game main.h"; sourceTree = "<group>"; };
		E9C1BA5D1C0A4AD5007E3B7A /* Trap.h */ = {isa = PBXFileReference; fileEncoding = 4; lastKnownFileType = sourcecode.c.h; path = Trap.h; sourceTree = "<group>"; };
		E9C1BA5E1C0A4AD5007E3B7A /* Trap.mm */ = {isa = PBXFileReference; fileEncoding = 4; lastKnownFileType = sourcecode.cpp.objcpp; path = Trap.mm; sourceTree = "<group>"; };
		E9C1BA601C0A4E47007E3B7A /* Missile.h */ = {isa = PBXFileReference; fileEncoding = 4; lastKnownFileType = sourcecode.c.h; path = Missile.h; sourceTree = "<group>"; };
		E9C1BA611C0A4E47007E3B7A /* Missile.mm */ = {isa = PBXFileReference; fileEncoding = 4; lastKnownFileType = sourcecode.cpp.objcpp; path = Missile.mm; sourceTree = "<group>"; };
		E9FCCB121C08E204003ED405 /* MarioKart */ = {isa = PBXFileReference; explicitFileType = "compiled.mach-o.executable"; includeInIndex = 0; path = MarioKart; sourceTree = BUILT_PRODUCTS_DIR; };
		E9FCCB151C08E204003ED405 /* main.mm */ = {isa = PBXFileReference; lastKnownFileType = sourcecode.cpp.objcpp; path = main.mm; sourceTree = "<group>"; };
		E9FCCB1D1C08E249003ED405 /* glm.cpp */ = {isa = PBXFileReference; fileEncoding = 4; lastKnownFileType = sourcecode.cpp.cpp; path = glm.cpp; sourceTree = "<group>"; };
		E9FCCB1E1C08E249003ED405 /* glm.hpp */ = {isa = PBXFileReference; fileEncoding = 4; lastKnownFileType = sourcecode.cpp.h; path = glm.hpp; sourceTree = "<group>"; };
		E9FCCB1F1C08E249003ED405 /* glmimg.cpp */ = {isa = PBXFileReference; fileEncoding = 4; lastKnownFileType = sourcecode.cpp.cpp; path = glmimg.cpp; sourceTree = "<group>"; };
		E9FCCB201C08E249003ED405 /* Texture.cpp */ = {isa = PBXFileReference; fileEncoding = 4; lastKnownFileType = sourcecode.cpp.cpp; path = Texture.cpp; sourceTree = "<group>"; };
		E9FCCB211C08E249003ED405 /* Texture.hpp */ = {isa = PBXFileReference; fileEncoding = 4; lastKnownFileType = sourcecode.cpp.h; path = Texture.hpp; sourceTree = "<group>"; };
		E9FCCB221C08E249003ED405 /* vector3f.hpp */ = {isa = PBXFileReference; fileEncoding = 4; lastKnownFileType = sourcecode.cpp.h; path = vector3f.hpp; sourceTree = "<group>"; };
		E9FCCB261C08E2CB003ED405 /* OpenGL.framework */ = {isa = PBXFileReference; lastKnownFileType = wrapper.framework; name = OpenGL.framework; path = System/Library/Frameworks/OpenGL.framework; sourceTree = SDKROOT; };
		E9FCCB281C08E2D6003ED405 /* GLUT.framework */ = {isa = PBXFileReference; lastKnownFileType = wrapper.framework; name = GLUT.framework; path = System/Library/Frameworks/GLUT.framework; sourceTree = SDKROOT; };
		E9FCCB2D1C08E32D003ED405 /* KE_face.tga */ = {isa = PBXFileReference; lastKnownFileType = file; path = KE_face.tga; sourceTree = "<group>"; };
		E9FCCB2E1C08E32D003ED405 /* KE_main.tga */ = {isa = PBXFileReference; lastKnownFileType = file; path = KE_main.tga; sourceTree = "<group>"; };
		E9FCCB2F1C08E32D003ED405 /* kk_kart.mtl */ = {isa = PBXFileReference; fileEncoding = 4; lastKnownFileType = text; path = kk_kart.mtl; sourceTree = "<group>"; };
		E9FCCB301C08E32D003ED405 /* kk_kart.obj */ = {isa = PBXFileReference; fileEncoding = 4; lastKnownFileType = text; path = kk_kart.obj; sourceTree = "<group>"; };
		E9FCCB311C08E32D003ED405 /* Kkart_body.tga */ = {isa = PBXFileReference; lastKnownFileType = file; path = Kkart_body.tga; sourceTree = "<group>"; };
		E9FCCB321C08E32D003ED405 /* Kkart_e.tga */ = {isa = PBXFileReference; lastKnownFileType = file; path = Kkart_e.tga; sourceTree = "<group>"; };
		E9FCCB331C08E32D003ED405 /* Kkart_tire.tga */ = {isa = PBXFileReference; lastKnownFileType = file; path = Kkart_tire.tga; sourceTree = "<group>"; };
		E9FCCB351C08E32D003ED405 /* qmark.mtl */ = {isa = PBXFileReference; fileEncoding = 4; lastKnownFileType = text; path = qmark.mtl; sourceTree = "<group>"; };
		E9FCCB361C08E32D003ED405 /* qmark.obj */ = {isa = PBXFileReference; fileEncoding = 4; lastKnownFileType = text; path = qmark.obj; sourceTree = "<group>"; };
		E9FCCB371C08E32D003ED405 /* t0023_0.tga */ = {isa = PBXFileReference; lastKnownFileType = file; path = t0023_0.tga; sourceTree = "<group>"; };
		E9FCCB381C08E32D003ED405 /* t0157_0.tga */ = {isa = PBXFileReference; lastKnownFileType = file; path = t0157_0.tga; sourceTree = "<group>"; };
		E9FCCB3A1C08E32D003ED405 /* ball.mtl */ = {isa = PBXFileReference; fileEncoding = 4; lastKnownFileType = text; path = ball.mtl; sourceTree = "<group>"; };
		E9FCCB3B1C08E32D003ED405 /* ball.obj */ = {isa = PBXFileReference; fileEncoding = 4; lastKnownFileType = text; path = ball.obj; sourceTree = "<group>"; };
		E9FCCB3C1C08E32D003ED405 /* orange3.tga */ = {isa = PBXFileReference; lastKnownFileType = file; path = orange3.tga; sourceTree = "<group>"; };
		E9FCCB3E1C08E32D003ED405 /* e_face_luigi.tga */ = {isa = PBXFileReference; lastKnownFileType = file; path = e_face_luigi.tga; sourceTree = "<group>"; };
		E9FCCB3F1C08E32D003ED405 /* e_main_luigi.tga */ = {isa = PBXFileReference; lastKnownFileType = file; path = e_main_luigi.tga; sourceTree = "<group>"; };
		E9FCCB401C08E32D003ED405 /* kart_body_luigi.tga */ = {isa = PBXFileReference; lastKnownFileType = file; path = kart_body_luigi.tga; sourceTree = "<group>"; };
		E9FCCB411C08E32D003ED405 /* kart_e_luigi.tga */ = {isa = PBXFileReference; lastKnownFileType = file; path = kart_e_luigi.tga; sourceTree = "<group>"; };
		E9FCCB421C08E32D003ED405 /* kart_tire_luigi.tga */ = {isa = PBXFileReference; lastKnownFileType = file; path = kart_tire_luigi.tga; sourceTree = "<group>"; };
		E9FCCB431C08E32D003ED405 /* luigi.mtl */ = {isa = PBXFileReference; fileEncoding = 4; lastKnownFileType = text; path = luigi.mtl; sourceTree = "<group>"; };
		E9FCCB441C08E32D003ED405 /* luigi.obj */ = {isa = PBXFileReference; fileEncoding = 4; lastKnownFileType = text; path = luigi.obj; sourceTree = "<group>"; };
		E9FCCB461C08E32D003ED405 /* e_face.tga */ = {isa = PBXFileReference; lastKnownFileType = file; path = e_face.tga; sourceTree = "<group>"; };
		E9FCCB471C08E32D003ED405 /* e_main.tga */ = {isa = PBXFileReference; lastKnownFileType = file; path = e_main.tga; sourceTree = "<group>"; };
		E9FCCB481C08E32D003ED405 /* kart_body.tga */ = {isa = PBXFileReference; lastKnownFileType = file; path = kart_body.tga; sourceTree = "<group>"; };
		E9FCCB491C08E32D003ED405 /* kart_e.tga */ = {isa = PBXFileReference; lastKnownFileType = file; path = kart_e.tga; sourceTree = "<group>"; };
		E9FCCB4A1C08E32D003ED405 /* kart_tire.tga */ = {isa = PBXFileReference; lastKnownFileType = file; path = kart_tire.tga; sourceTree = "<group>"; };
		E9FCCB4B1C08E32D003ED405 /* mk_kart.mtl */ = {isa = PBXFileReference; fileEncoding = 4; lastKnownFileType = text; path = mk_kart.mtl; sourceTree = "<group>"; };
		E9FCCB4C1C08E32D003ED405 /* mk_kart.obj */ = {isa = PBXFileReference; fileEncoding = 4; lastKnownFileType = text; path = mk_kart.obj; sourceTree = "<group>"; };
		E9FCCB4E1C08E32D003ED405 /* pe_face.tga */ = {isa = PBXFileReference; lastKnownFileType = file; path = pe_face.tga; sourceTree = "<group>"; };
		E9FCCB4F1C08E32D003ED405 /* pe_main.tga */ = {isa = PBXFileReference; lastKnownFileType = file; path = pe_main.tga; sourceTree = "<group>"; };
		E9FCCB501C08E32D003ED405 /* pk_kart.mtl */ = {isa = PBXFileReference; fileEncoding = 4; lastKnownFileType = text; path = pk_kart.mtl; sourceTree = "<group>"; };
		E9FCCB511C08E32D003ED405 /* pk_kart.obj */ = {isa = PBXFileReference; fileEncoding = 4; lastKnownFileType = text; path = pk_kart.obj; sourceTree = "<group>"; };
		E9FCCB521C08E32D003ED405 /* pkart_body.tga */ = {isa = PBXFileReference; lastKnownFileType = file; path = pkart_body.tga; sourceTree = "<group>"; };
		E9FCCB531C08E32D003ED405 /* pkart_e.tga */ = {isa = PBXFileReference; lastKnownFileType = file; path = pkart_e.tga; sourceTree = "<group>"; };
		E9FCCB541C08E32D003ED405 /* pkart_tire.tga */ = {isa = PBXFileReference; lastKnownFileType = file; path = pkart_tire.tga; sourceTree = "<group>"; };
		E9FCCB561C08E32D003ED405 /* brick_wall.tga */ = {isa = PBXFileReference; lastKnownFileType = file; path = brick_wall.tga; sourceTree = "<group>"; };
		E9FCCB571C08E32D003ED405 /* grey_asphalt.tga */ = {isa = PBXFileReference; lastKnownFileType = file; path = grey_asphalt.tga; sourceTree = "<group>"; };
		E9FCCB581C08E32D003ED405 /* race_flag.tga */ = {isa = PBXFileReference; lastKnownFileType = file; path = race_flag.tga; sourceTree = "<group>"; };
		E9FCCB591C08E32D003ED405 /* raceway_mariokart.mtl */ = {isa = PBXFileReference; fileEncoding = 4; lastKnownFileType = text; path = raceway_mariokart.mtl; sourceTree = "<group>"; };
		E9FCCB5A1C08E32D003ED405 /* raceway_mariokart.obj */ = {isa = PBXFileReference; fileEncoding = 4; lastKnownFileType = text; path = raceway_mariokart.obj; sourceTree = "<group>"; };
		E9FCCB5C1C08E32D003ED405 /* test_plane.mtl */ = {isa = PBXFileReference; fileEncoding = 4; lastKnownFileType = text; path = test_plane.mtl; sourceTree = "<group>"; };
		E9FCCB5D1C08E32D003ED405 /* test_plane.obj */ = {isa = PBXFileReference; fileEncoding = 4; lastKnownFileType = text; path = test_plane.obj; sourceTree = "<group>"; };
		E9FCCB5F1C08E720003ED405 /* TWGLNode.h */ = {isa = PBXFileReference; fileEncoding = 4; lastKnownFileType = sourcecode.c.h; path = TWGLNode.h; sourceTree = "<group>"; };
		E9FCCB601C08E720003ED405 /* TWGLNode.mm */ = {isa = PBXFileReference; fileEncoding = 4; lastKnownFileType = sourcecode.cpp.objcpp; path = TWGLNode.mm; sourceTree = "<group>"; };
		E9FCCB651C090980003ED405 /* TWGLCamera.h */ = {isa = PBXFileReference; fileEncoding = 4; lastKnownFileType = sourcecode.c.h; path = TWGLCamera.h; sourceTree = "<group>"; };
		E9FCCB661C090980003ED405 /* TWGLCamera.mm */ = {isa = PBXFileReference; fileEncoding = 4; lastKnownFileType = sourcecode.cpp.objcpp; path = TWGLCamera.mm; sourceTree = "<group>"; };
		E9FCCB671C090980003ED405 /* TWGLScene.h */ = {isa = PBXFileReference; fileEncoding = 4; lastKnownFileType = sourcecode.c.h; path = TWGLScene.h; sourceTree = "<group>"; };
		E9FCCB681C090980003ED405 /* TWGLScene.mm */ = {isa = PBXFileReference; fileEncoding = 4; lastKnownFileType = sourcecode.cpp.objcpp; path = TWGLScene.mm; sourceTree = "<group>"; };
		E9FCCB6C1C090B0A003ED405 /* GameScene.h */ = {isa = PBXFileReference; fileEncoding = 4; lastKnownFileType = sourcecode.c.h; path = GameScene.h; sourceTree = "<group>"; };
		E9FCCB6D1C090B0A003ED405 /* GameScene.mm */ = {isa = PBXFileReference; fileEncoding = 4; lastKnownFileType = sourcecode.cpp.objcpp; path = GameScene.mm; sourceTree = "<group>"; };
		E9FCCB6F1C090B67003ED405 /* QmarkBox.h */ = {isa = PBXFileReference; fileEncoding = 4; lastKnownFileType = sourcecode.c.h; path = QmarkBox.h; sourceTree = "<group>"; };
		E9FCCB701C090B67003ED405 /* QmarkBox.mm */ = {isa = PBXFileReference; fileEncoding = 4; lastKnownFileType = sourcecode.cpp.objcpp; path = QmarkBox.mm; sourceTree = "<group>"; };
		E9FCCB721C092D73003ED405 /* CarNode.h */ = {isa = PBXFileReference; fileEncoding = 4; lastKnownFileType = sourcecode.c.h; path = CarNode.h; sourceTree = "<group>"; };
		E9FCCB731C092D73003ED405 /* CarNode.mm */ = {isa = PBXFileReference; fileEncoding = 4; lastKnownFileType = sourcecode.cpp.objcpp; path = CarNode.mm; sourceTree = "<group>"; };
		E9FCCB751C092D9E003ED405 /* Pista.h */ = {isa = PBXFileReference; fileEncoding = 4; lastKnownFileType = sourcecode.c.h; path = Pista.h; sourceTree = "<group>"; };
		E9FCCB761C092D9E003ED405 /* Pista.mm */ = {isa = PBXFileReference; fileEncoding = 4; lastKnownFileType = sourcecode.cpp.objcpp; path = Pista.mm; sourceTree = "<group>"; };
/* End PBXFileReference section */

/* Begin PBXFrameworksBuildPhase section */
		E9FCCB0F1C08E204003ED405 /* Frameworks */ = {
			isa = PBXFrameworksBuildPhase;
			buildActionMask = 2147483647;
			files = (
				E9FCCB291C08E2D6003ED405 /* GLUT.framework in Frameworks */,
				E9FCCB271C08E2CB003ED405 /* OpenGL.framework in Frameworks */,
			);
			runOnlyForDeploymentPostprocessing = 0;
		};
/* End PBXFrameworksBuildPhase section */

/* Begin PBXGroup section */
		E9A9EED01C0B840F00059AAA /* SkyBox */ = {
			isa = PBXGroup;
			children = (
				E9071C3C1C0B8A14009B0A93 /* floor.tga */,
				E9071C3D1C0B8A14009B0A93 /* top.tga */,
				E9071C3E1C0B8A14009B0A93 /* wall.tga */,
			);
			path = SkyBox;
			sourceTree = "<group>";
		};
		E9FCCB091C08E204003ED405 = {
			isa = PBXGroup;
			children = (
				E9FCCB141C08E204003ED405 /* MarioKart */,
				E9FCCB131C08E204003ED405 /* Products */,
			);
			sourceTree = "<group>";
		};
		E9FCCB131C08E204003ED405 /* Products */ = {
			isa = PBXGroup;
			children = (
				E9FCCB121C08E204003ED405 /* MarioKart */,
			);
			name = Products;
			sourceTree = "<group>";
		};
		E9FCCB141C08E204003ED405 /* MarioKart */ = {
			isa = PBXGroup;
			children = (
				E9FCCB2A1C08E2DE003ED405 /* Frameworks */,
				E9FCCB1C1C08E249003ED405 /* OBJLoader */,
				E9FCCB2B1C08E32D003ED405 /* Models */,
				E9FCCB5E1C08E6F3003ED405 /* TWGL */,
				E9FCCB6B1C090AFB003ED405 /* Nodes */,
				E9FCCB151C08E204003ED405 /* main.mm */,
				E981E00D1C0C02B4009549F0 /* testCollision.mm */,
				E9A9EEC91C0B63A600059AAA /* game code.cpp */,
				E9A9EECA1C0B63A600059AAA /* game code.h */,
				E9A9EECF1C0B7A3300059AAA /* game main.h */,
				E9A9EECB1C0B63A600059AAA /* game main.cpp */,
			);
			path = MarioKart;
			sourceTree = "<group>";
		};
		E9FCCB1C1C08E249003ED405 /* OBJLoader */ = {
			isa = PBXGroup;
			children = (
				E9FCCB1D1C08E249003ED405 /* glm.cpp */,
				E9FCCB1E1C08E249003ED405 /* glm.hpp */,
				E9FCCB1F1C08E249003ED405 /* glmimg.cpp */,
				E9FCCB201C08E249003ED405 /* Texture.cpp */,
				E9FCCB211C08E249003ED405 /* Texture.hpp */,
				E9FCCB221C08E249003ED405 /* vector3f.hpp */,
			);
			path = OBJLoader;
			sourceTree = "<group>";
		};
		E9FCCB2A1C08E2DE003ED405 /* Frameworks */ = {
			isa = PBXGroup;
			children = (
				E9FCCB281C08E2D6003ED405 /* GLUT.framework */,
				E9FCCB261C08E2CB003ED405 /* OpenGL.framework */,
			);
			name = Frameworks;
			sourceTree = "<group>";
		};
		E9FCCB2B1C08E32D003ED405 /* Models */ = {
			isa = PBXGroup;
			children = (
				E9A9EED01C0B840F00059AAA /* SkyBox */,
				E9FCCB2C1C08E32D003ED405 /* Bowser */,
				E9FCCB341C08E32D003ED405 /* Caixa */,
				E9FCCB391C08E32D003ED405 /* Esfera */,
				E9FCCB3D1C08E32D003ED405 /* Luigi */,
				E9FCCB451C08E32D003ED405 /* Mario */,
				E9FCCB4D1C08E32D003ED405 /* Peach */,
				E9FCCB551C08E32D003ED405 /* Pista */,
				E9FCCB5B1C08E32D003ED405 /* Tests */,
			);
			path = Models;
			sourceTree = "<group>";
		};
		E9FCCB2C1C08E32D003ED405 /* Bowser */ = {
			isa = PBXGroup;
			children = (
				E9FCCB2D1C08E32D003ED405 /* KE_face.tga */,
				E9FCCB2E1C08E32D003ED405 /* KE_main.tga */,
				E9FCCB2F1C08E32D003ED405 /* kk_kart.mtl */,
				E9FCCB301C08E32D003ED405 /* kk_kart.obj */,
				E9FCCB311C08E32D003ED405 /* Kkart_body.tga */,
				E9FCCB321C08E32D003ED405 /* Kkart_e.tga */,
				E9FCCB331C08E32D003ED405 /* Kkart_tire.tga */,
			);
			path = Bowser;
			sourceTree = "<group>";
		};
		E9FCCB341C08E32D003ED405 /* Caixa */ = {
			isa = PBXGroup;
			children = (
				E9FCCB351C08E32D003ED405 /* qmark.mtl */,
				E9FCCB361C08E32D003ED405 /* qmark.obj */,
				E9FCCB371C08E32D003ED405 /* t0023_0.tga */,
				E9FCCB381C08E32D003ED405 /* t0157_0.tga */,
			);
			path = Caixa;
			sourceTree = "<group>";
		};
		E9FCCB391C08E32D003ED405 /* Esfera */ = {
			isa = PBXGroup;
			children = (
				E9FCCB3A1C08E32D003ED405 /* ball.mtl */,
				E9FCCB3B1C08E32D003ED405 /* ball.obj */,
				E9FCCB3C1C08E32D003ED405 /* orange3.tga */,
			);
			path = Esfera;
			sourceTree = "<group>";
		};
		E9FCCB3D1C08E32D003ED405 /* Luigi */ = {
			isa = PBXGroup;
			children = (
				E9FCCB3E1C08E32D003ED405 /* e_face_luigi.tga */,
				E9FCCB3F1C08E32D003ED405 /* e_main_luigi.tga */,
				E9FCCB401C08E32D003ED405 /* kart_body_luigi.tga */,
				E9FCCB411C08E32D003ED405 /* kart_e_luigi.tga */,
				E9FCCB421C08E32D003ED405 /* kart_tire_luigi.tga */,
				E9FCCB431C08E32D003ED405 /* luigi.mtl */,
				E9FCCB441C08E32D003ED405 /* luigi.obj */,
			);
			path = Luigi;
			sourceTree = "<group>";
		};
		E9FCCB451C08E32D003ED405 /* Mario */ = {
			isa = PBXGroup;
			children = (
				E9FCCB461C08E32D003ED405 /* e_face.tga */,
				E9FCCB471C08E32D003ED405 /* e_main.tga */,
				E9FCCB481C08E32D003ED405 /* kart_body.tga */,
				E9FCCB491C08E32D003ED405 /* kart_e.tga */,
				E9FCCB4A1C08E32D003ED405 /* kart_tire.tga */,
				E9FCCB4B1C08E32D003ED405 /* mk_kart.mtl */,
				E9FCCB4C1C08E32D003ED405 /* mk_kart.obj */,
			);
			path = Mario;
			sourceTree = "<group>";
		};
		E9FCCB4D1C08E32D003ED405 /* Peach */ = {
			isa = PBXGroup;
			children = (
				E9FCCB4E1C08E32D003ED405 /* pe_face.tga */,
				E9FCCB4F1C08E32D003ED405 /* pe_main.tga */,
				E9FCCB501C08E32D003ED405 /* pk_kart.mtl */,
				E9FCCB511C08E32D003ED405 /* pk_kart.obj */,
				E9FCCB521C08E32D003ED405 /* pkart_body.tga */,
				E9FCCB531C08E32D003ED405 /* pkart_e.tga */,
				E9FCCB541C08E32D003ED405 /* pkart_tire.tga */,
			);
			path = Peach;
			sourceTree = "<group>";
		};
		E9FCCB551C08E32D003ED405 /* Pista */ = {
			isa = PBXGroup;
			children = (
				E9FCCB561C08E32D003ED405 /* brick_wall.tga */,
				E9FCCB571C08E32D003ED405 /* grey_asphalt.tga */,
				E9FCCB581C08E32D003ED405 /* race_flag.tga */,
				E9FCCB591C08E32D003ED405 /* raceway_mariokart.mtl */,
				E9FCCB5A1C08E32D003ED405 /* raceway_mariokart.obj */,
			);
			path = Pista;
			sourceTree = "<group>";
		};
		E9FCCB5B1C08E32D003ED405 /* Tests */ = {
			isa = PBXGroup;
			children = (
				E9FCCB5C1C08E32D003ED405 /* test_plane.mtl */,
				E9FCCB5D1C08E32D003ED405 /* test_plane.obj */,
			);
			path = Tests;
			sourceTree = "<group>";
		};
		E9FCCB5E1C08E6F3003ED405 /* TWGL */ = {
			isa = PBXGroup;
			children = (
				E9FCCB651C090980003ED405 /* TWGLCamera.h */,
				E9FCCB661C090980003ED405 /* TWGLCamera.mm */,
				E9FCCB671C090980003ED405 /* TWGLScene.h */,
				E9FCCB681C090980003ED405 /* TWGLScene.mm */,
				E9FCCB5F1C08E720003ED405 /* TWGLNode.h */,
				E9FCCB601C08E720003ED405 /* TWGLNode.mm */,
			);
			path = TWGL;
			sourceTree = "<group>";
		};
		E9FCCB6B1C090AFB003ED405 /* Nodes */ = {
			isa = PBXGroup;
			children = (
				E9FCCB6C1C090B0A003ED405 /* GameScene.h */,
				E9FCCB6D1C090B0A003ED405 /* GameScene.mm */,
				E9FCCB751C092D9E003ED405 /* Pista.h */,
				E9FCCB761C092D9E003ED405 /* Pista.mm */,
				E9FCCB721C092D73003ED405 /* CarNode.h */,
				E9FCCB731C092D73003ED405 /* CarNode.mm */,
				E9FCCB6F1C090B67003ED405 /* QmarkBox.h */,
				E9FCCB701C090B67003ED405 /* QmarkBox.mm */,
				E9C1BA5D1C0A4AD5007E3B7A /* Trap.h */,
				E9C1BA5E1C0A4AD5007E3B7A /* Trap.mm */,
				E9C1BA601C0A4E47007E3B7A /* Missile.h */,
				E9C1BA611C0A4E47007E3B7A /* Missile.mm */,
				E963BC401C0E51D20095CCFC /* MarkerNode.h */,
				E963BC431C0E52120095CCFC /* MarkerNode.m */,
				E963BC451C0F5A3D0095CCFC /* SkyBox.h */,
				E963BC461C0F5A3D0095CCFC /* SkyBox.mm */,
			);
			path = Nodes;
			sourceTree = "<group>";
		};
/* End PBXGroup section */

/* Begin PBXNativeTarget section */
		E9FCCB111C08E204003ED405 /* MarioKart */ = {
			isa = PBXNativeTarget;
			buildConfigurationList = E9FCCB191C08E204003ED405 /* Build configuration list for PBXNativeTarget "MarioKart" */;
			buildPhases = (
				E9FCCB0E1C08E204003ED405 /* Sources */,
				E9FCCB0F1C08E204003ED405 /* Frameworks */,
				E9FCCB101C08E204003ED405 /* CopyFiles */,
			);
			buildRules = (
			);
			dependencies = (
			);
			name = MarioKart;
			productName = MarioKart;
			productReference = E9FCCB121C08E204003ED405 /* MarioKart */;
			productType = "com.apple.product-type.tool";
		};
/* End PBXNativeTarget section */

/* Begin PBXProject section */
		E9FCCB0A1C08E204003ED405 /* Project object */ = {
			isa = PBXProject;
			attributes = {
				LastUpgradeCheck = 0710;
				ORGANIZATIONNAME = "Txai Wieser";
				TargetAttributes = {
					E9FCCB111C08E204003ED405 = {
						CreatedOnToolsVersion = 7.1.1;
					};
				};
			};
			buildConfigurationList = E9FCCB0D1C08E204003ED405 /* Build configuration list for PBXProject "MarioKart" */;
			compatibilityVersion = "Xcode 3.2";
			developmentRegion = English;
			hasScannedForEncodings = 0;
			knownRegions = (
				en,
			);
			mainGroup = E9FCCB091C08E204003ED405;
			productRefGroup = E9FCCB131C08E204003ED405 /* Products */;
			projectDirPath = "";
			projectRoot = "";
			targets = (
				E9FCCB111C08E204003ED405 /* MarioKart */,
			);
		};
/* End PBXProject section */

/* Begin PBXSourcesBuildPhase section */
		E9FCCB0E1C08E204003ED405 /* Sources */ = {
			isa = PBXSourcesBuildPhase;
			buildActionMask = 2147483647;
			files = (
				E9C1BA5F1C0A4AD5007E3B7A /* Trap.mm in Sources */,
				E963BC441C0E52120095CCFC /* MarkerNode.m in Sources */,
				E9FCCB6E1C090B0A003ED405 /* GameScene.mm in Sources */,
				E9FCCB231C08E249003ED405 /* glm.cpp in Sources */,
				E9A9EECC1C0B63A600059AAA /* game code.cpp in Sources */,
				E963BC471C0F5A3D0095CCFC /* SkyBox.mm in Sources */,
				E9FCCB251C08E249003ED405 /* Texture.cpp in Sources */,
				E9FCCB771C092D9E003ED405 /* Pista.mm in Sources */,
				E9FCCB711C090B67003ED405 /* QmarkBox.mm in Sources */,
				E981E00E1C0C02B4009549F0 /* testCollision.mm in Sources */,
				E9C1BA621C0A4E47007E3B7A /* Missile.mm in Sources */,
				E9A9EECD1C0B63A600059AAA /* game main.cpp in Sources */,
				E9FCCB741C092D73003ED405 /* CarNode.mm in Sources */,
				E9FCCB241C08E249003ED405 /* glmimg.cpp in Sources */,
				E9FCCB161C08E204003ED405 /* main.mm in Sources */,
				E9FCCB691C090980003ED405 /* TWGLCamera.mm in Sources */,
				E9FCCB6A1C090980003ED405 /* TWGLScene.mm in Sources */,
				E9FCCB611C08E720003ED405 /* TWGLNode.mm in Sources */,
			);
			runOnlyForDeploymentPostprocessing = 0;
		};
/* End PBXSourcesBuildPhase section */

/* Begin XCBuildConfiguration section */
		E9FCCB171C08E204003ED405 /* Debug */ = {
			isa = XCBuildConfiguration;
			buildSettings = {
				ALWAYS_SEARCH_USER_PATHS = NO;
				CLANG_CXX_LANGUAGE_STANDARD = "gnu++0x";
				CLANG_CXX_LIBRARY = "libc++";
				CLANG_ENABLE_MODULES = YES;
				CLANG_ENABLE_OBJC_ARC = YES;
				CLANG_WARN_BOOL_CONVERSION = YES;
				CLANG_WARN_CONSTANT_CONVERSION = YES;
				CLANG_WARN_DIRECT_OBJC_ISA_USAGE = YES_ERROR;
				CLANG_WARN_EMPTY_BODY = YES;
				CLANG_WARN_ENUM_CONVERSION = YES;
				CLANG_WARN_INT_CONVERSION = YES;
				CLANG_WARN_OBJC_ROOT_CLASS = YES_ERROR;
				CLANG_WARN_UNREACHABLE_CODE = YES;
				CLANG_WARN__DUPLICATE_METHOD_MATCH = YES;
				CODE_SIGN_IDENTITY = "-";
				COPY_PHASE_STRIP = NO;
				DEBUG_INFORMATION_FORMAT = dwarf;
				ENABLE_STRICT_OBJC_MSGSEND = YES;
				ENABLE_TESTABILITY = YES;
				GCC_C_LANGUAGE_STANDARD = gnu99;
				GCC_DYNAMIC_NO_PIC = NO;
				GCC_NO_COMMON_BLOCKS = YES;
				GCC_OPTIMIZATION_LEVEL = 0;
				GCC_PREPROCESSOR_DEFINITIONS = (
					"DEBUG=1",
					"$(inherited)",
				);
				GCC_WARN_64_TO_32_BIT_CONVERSION = YES;
				GCC_WARN_ABOUT_RETURN_TYPE = YES_ERROR;
				GCC_WARN_UNDECLARED_SELECTOR = YES;
				GCC_WARN_UNINITIALIZED_AUTOS = YES_AGGRESSIVE;
				GCC_WARN_UNUSED_FUNCTION = YES;
				GCC_WARN_UNUSED_VARIABLE = YES;
				MACOSX_DEPLOYMENT_TARGET = 10.11;
				MTL_ENABLE_DEBUG_INFO = YES;
				ONLY_ACTIVE_ARCH = YES;
				SDKROOT = macosx;
			};
			name = Debug;
		};
		E9FCCB181C08E204003ED405 /* Release */ = {
			isa = XCBuildConfiguration;
			buildSettings = {
				ALWAYS_SEARCH_USER_PATHS = NO;
				CLANG_CXX_LANGUAGE_STANDARD = "gnu++0x";
				CLANG_CXX_LIBRARY = "libc++";
				CLANG_ENABLE_MODULES = YES;
				CLANG_ENABLE_OBJC_ARC = YES;
				CLANG_WARN_BOOL_CONVERSION = YES;
				CLANG_WARN_CONSTANT_CONVERSION = YES;
				CLANG_WARN_DIRECT_OBJC_ISA_USAGE = YES_ERROR;
				CLANG_WARN_EMPTY_BODY = YES;
				CLANG_WARN_ENUM_CONVERSION = YES;
				CLANG_WARN_INT_CONVERSION = YES;
				CLANG_WARN_OBJC_ROOT_CLASS = YES_ERROR;
				CLANG_WARN_UNREACHABLE_CODE = YES;
				CLANG_WARN__DUPLICATE_METHOD_MATCH = YES;
				CODE_SIGN_IDENTITY = "-";
				COPY_PHASE_STRIP = NO;
				DEBUG_INFORMATION_FORMAT = "dwarf-with-dsym";
				ENABLE_NS_ASSERTIONS = NO;
				ENABLE_STRICT_OBJC_MSGSEND = YES;
				GCC_C_LANGUAGE_STANDARD = gnu99;
				GCC_NO_COMMON_BLOCKS = YES;
				GCC_WARN_64_TO_32_BIT_CONVERSION = YES;
				GCC_WARN_ABOUT_RETURN_TYPE = YES_ERROR;
				GCC_WARN_UNDECLARED_SELECTOR = YES;
				GCC_WARN_UNINITIALIZED_AUTOS = YES_AGGRESSIVE;
				GCC_WARN_UNUSED_FUNCTION = YES;
				GCC_WARN_UNUSED_VARIABLE = YES;
				MACOSX_DEPLOYMENT_TARGET = 10.11;
				MTL_ENABLE_DEBUG_INFO = NO;
				SDKROOT = macosx;
			};
			name = Release;
		};
		E9FCCB1A1C08E204003ED405 /* Debug */ = {
			isa = XCBuildConfiguration;
			buildSettings = {
				PRODUCT_NAME = "$(TARGET_NAME)";
			};
			name = Debug;
		};
		E9FCCB1B1C08E204003ED405 /* Release */ = {
			isa = XCBuildConfiguration;
			buildSettings = {
				PRODUCT_NAME = "$(TARGET_NAME)";
			};
			name = Release;
		};
/* End XCBuildConfiguration section */

/* Begin XCConfigurationList section */
		E9FCCB0D1C08E204003ED405 /* Build configuration list for PBXProject "MarioKart" */ = {
			isa = XCConfigurationList;
			buildConfigurations = (
				E9FCCB171C08E204003ED405 /* Debug */,
				E9FCCB181C08E204003ED405 /* Release */,
			);
			defaultConfigurationIsVisible = 0;
			defaultConfigurationName = Release;
		};
		E9FCCB191C08E204003ED405 /* Build configuration list for PBXNativeTarget "MarioKart" */ = {
			isa = XCConfigurationList;
			buildConfigurations = (
				E9FCCB1A1C08E204003ED405 /* Debug */,
				E9FCCB1B1C08E204003ED405 /* Release */,
			);
			defaultConfigurationIsVisible = 0;
			defaultConfigurationName = Release;
		};
/* End XCConfigurationList section */
	};
	rootObject = E9FCCB0A1C08E204003ED405 /* Project object */;
}
